
Microsoft Visual Studio Solution File, Format Version 12.00
# Visual Studio Version 17
VisualStudioVersion = 17.3.32825.248
MinimumVisualStudioVersion = 10.0.40219.1
Project("{8BC9CEB8-8B4A-11D0-8D11-00A0C91BC942}") = "StructClass", "StructClass\StructClass.vcxproj", "{91F1AB7C-B7F8-43D3-8C4B-CA1CB4E0A153}"
EndProject
Global
	GlobalSection(SolutionConfigurationPlatforms) = preSolution
		Debug|x64 = Debug|x64
		Debug|x86 = Debug|x86
		Release|x64 = Release|x64
		Release|x86 = Release|x86
	EndGlobalSection
	GlobalSection(ProjectConfigurationPlatforms) = postSolution
		{91F1AB7C-B7F8-43D3-8C4B-CA1CB4E0A153}.Debug|x64.ActiveCfg = Debug|x64
		{91F1AB7C-B7F8-43D3-8C4B-CA1CB4E0A153}.Debug|x64.Build.0 = Debug|x64
		{91F1AB7C-B7F8-43D3-8C4B-CA1CB4E0A153}.Debug|x86.ActiveCfg = Debug|Win32
		{91F1AB7C-B7F8-43D3-8C4B-CA1CB4E0A153}.Debug|x86.Build.0 = Debug|Win32
		{91F1AB7C-B7F8-43D3-8C4B-CA1CB4E0A153}.Release|x64.ActiveCfg = Release|x64
		{91F1AB7C-B7F8-43D3-8C4B-CA1CB4E0A153}.Release|x64.Build.0 = Release|x64
		{91F1AB7C-B7F8-43D3-8C4B-CA1CB4E0A153}.Release|x86.ActiveCfg = Release|Win32
		{91F1AB7C-B7F8-43D3-8C4B-CA1CB4E0A153}.Release|x86.Build.0 = Release|Win32
	EndGlobalSection
	GlobalSection(SolutionProperties) = preSolution
		HideSolutionNode = FALSE
	EndGlobalSection
	GlobalSection(ExtensibilityGlobals) = postSolution
		SolutionGuid = {593D5A1E-1371-4842-A1CF-FDBBEF380931}
	EndGlobalSection
EndGlobal
